# THIS IS AN AUTOGENERATED FILE. DO NOT EDIT THIS FILE DIRECTLY.
# yarn lockfile v1


"@trpc/client@^10.44.1":
  version "10.44.1"
  resolved "https://registry.yarnpkg.com/@trpc/client/-/client-10.44.1.tgz#5666f5b81566d2e44802706581d9e6f2b591502e"
  integrity sha512-vTWsykNcgz1LnwePVl2fKZnhvzP9N3GaaLYPkfGINo314ZOS0OBqe9x0ytB2LLUnRVTAAZ2WoONzARd8nHiqrA==

"@trpc/server@^10.44.1":
  version "10.44.1"
  resolved "https://registry.yarnpkg.com/@trpc/server/-/server-10.44.1.tgz#0d089a3cd5d1268aa8f6845a183329fcac7f2fac"
  integrity sha512-mF7B+K6LjuboX8I1RZgKE5GA/fJhsJ8tKGK2UBt3Bwik7hepEPb4NJgNr7vO6BK5IYwPdBLRLTctRw6XZx0sRg==

"@types/node@^20.10.0":
  version "20.10.0"
  resolved "https://registry.yarnpkg.com/@types/node/-/node-20.10.0.tgz#16ddf9c0a72b832ec4fcce35b8249cf149214617"
  integrity sha512-D0WfRmU9TQ8I9PFx9Yc+EBHw+vSpIub4IDvQivcp26PtPrdMGAq5SDcpXEo/epqa/DXotVpekHiLNTg3iaKXBQ==
  dependencies:
    undici-types "~5.26.4"

typescript@^5.3.2:
  version "5.3.2"
  resolved "https://registry.yarnpkg.com/typescript/-/typescript-5.3.2.tgz#00d1c7c1c46928c5845c1ee8d0cc2791031d4c43"
  integrity sha512-6l+RyNy7oAHDfxC4FzSJcz9vnjTKxrLpDG5M2Vu4SHRVNg6xzqZp6LYSR9zjqQTu8DU/f5xwxUdADOkbrIX2gQ==

undici-types@~5.26.4:
  version "5.26.5"
  resolved "https://registry.yarnpkg.com/undici-types/-/undici-types-5.26.5.tgz#bcd539893d00b56e964fd2657a4866b221a65617"
  integrity sha512-JlCMO+ehdEIKqlFxk6IfVoAUVmgz7cU7zD/h9XZ0qzeosSHmUJVOzSQvvYSYWXkFXC+IfLKSIffhv0sVZup6pA==

zod@^3.22.4:
  version "3.22.4"
  resolved "https://registry.yarnpkg.com/zod/-/zod-3.22.4.tgz#f31c3a9386f61b1f228af56faa9255e845cf3fff"
  integrity sha512-iC+8Io04lddc+mVqQ9AZ7OQ2MrUKGN+oIQyq1vemgt46jwCwLfhq7/pwnBnNXXXZb8VTVLKwp9EDkx+ryxIWmg==
